
Microsoft Visual Studio Solution File, Format Version 12.00
# Visual Studio Version 17
VisualStudioVersion = 17.14.36603.0
MinimumVisualStudioVersion = 10.0.40219.1
Project("{FAE04EC0-301F-11D3-BF4B-00C04F79EFBC}") = "Api.Auth", "Api.Auth\Api.Auth.csproj", "{F72B6E14-5BE1-4EFD-96E1-C2733EF989CE}"
EndProject
Project("{FAE04EC0-301F-11D3-BF4B-00C04F79EFBC}") = "WeatherForecast", "WeatherForecast\WeatherForecast.csproj", "{A530D0D4-1CDB-4FBB-A6BD-F3325422CDDB}"
EndProject
Global
	GlobalSection(SolutionConfigurationPlatforms) = preSolution
		Debug|Any CPU = Debug|Any CPU
		Release|Any CPU = Release|Any CPU
	EndGlobalSection
	GlobalSection(ProjectConfigurationPlatforms) = postSolution
		{F72B6E14-5BE1-4EFD-96E1-C2733EF989CE}.Debug|Any CPU.ActiveCfg = Debug|Any CPU
		{F72B6E14-5BE1-4EFD-96E1-C2733EF989CE}.Debug|Any CPU.Build.0 = Debug|Any CPU
		{F72B6E14-5BE1-4EFD-96E1-C2733EF989CE}.Release|Any CPU.ActiveCfg = Release|Any CPU
		{F72B6E14-5BE1-4EFD-96E1-C2733EF989CE}.Release|Any CPU.Build.0 = Release|Any CPU
		{A530D0D4-1CDB-4FBB-A6BD-F3325422CDDB}.Debug|Any CPU.ActiveCfg = Debug|Any CPU
		{A530D0D4-1CDB-4FBB-A6BD-F3325422CDDB}.Debug|Any CPU.Build.0 = Debug|Any CPU
		{A530D0D4-1CDB-4FBB-A6BD-F3325422CDDB}.Release|Any CPU.ActiveCfg = Release|Any CPU
		{A530D0D4-1CDB-4FBB-A6BD-F3325422CDDB}.Release|Any CPU.Build.0 = Release|Any CPU
	EndGlobalSection
	GlobalSection(SolutionProperties) = preSolution
		HideSolutionNode = FALSE
	EndGlobalSection
	GlobalSection(ExtensibilityGlobals) = postSolution
		SolutionGuid = {FD8737A2-9555-4909-AFB5-65AC3F4803CE}
	EndGlobalSection
EndGlobal
